
Microsoft Visual Studio Solution File, Format Version 12.00
# Visual Studio 15
VisualStudioVersion = 15.0.28307.329
MinimumVisualStudioVersion = 10.0.40219.1
Project("{FAE04EC0-301F-11D3-BF4B-00C04F79EFBC}") = "WebCss_Ovn6", "WebShoppingList_JS\WebCss_Ovn6.csproj", "{27238552-0581-42D6-9357-F52AE4784669}"
EndProject
Global
	GlobalSection(SolutionConfigurationPlatforms) = preSolution
		Debug|Any CPU = Debug|Any CPU
		Release|Any CPU = Release|Any CPU
	EndGlobalSection
	GlobalSection(ProjectConfigurationPlatforms) = postSolution
		{27238552-0581-42D6-9357-F52AE4784669}.Debug|Any CPU.ActiveCfg = Debug|Any CPU
		{27238552-0581-42D6-9357-F52AE4784669}.Debug|Any CPU.Build.0 = Debug|Any CPU
		{27238552-0581-42D6-9357-F52AE4784669}.Release|Any CPU.ActiveCfg = Release|Any CPU
		{27238552-0581-42D6-9357-F52AE4784669}.Release|Any CPU.Build.0 = Release|Any CPU
	EndGlobalSection
	GlobalSection(SolutionProperties) = preSolution
		HideSolutionNode = FALSE
	EndGlobalSection
	GlobalSection(ExtensibilityGlobals) = postSolution
		SolutionGuid = {6AD6067B-8102-4CED-A534-E3231C7A2045}
	EndGlobalSection
EndGlobal
